// !$*UTF8*$!
{
	archiveVersion = 1;
	classes = {
	};
	objectVersion = 46;
	objects = {

/* Begin PBXBuildFile section */
		EA2E4ADB1A36BA1D00ACC236 /* main.m in Sources */ = {isa = PBXBuildFile; fileRef = EA2E4ADA1A36BA1D00ACC236 /* main.m */; };
		EA2E4ADE1A36BA1D00ACC236 /* AppDelegate.m in Sources */ = {isa = PBXBuildFile; fileRef = EA2E4ADD1A36BA1D00ACC236 /* AppDelegate.m */; };
		EA2E4AE11A36BA1D00ACC236 /* ViewController.m in Sources */ = {isa = PBXBuildFile; fileRef = EA2E4AE01A36BA1D00ACC236 /* ViewController.m */; };
		EA2E4AE61A36BA1D00ACC236 /* Images.xcassets in Resources */ = {isa = PBXBuildFile; fileRef = EA2E4AE51A36BA1D00ACC236 /* Images.xcassets */; };
		EA2E4AE91A36BA1D00ACC236 /* LaunchScreen.xib in Resources */ = {isa = PBXBuildFile; fileRef = EA2E4AE71A36BA1D00ACC236 /* LaunchScreen.xib */; };
		EA2E4AF51A36BA1D00ACC236 /* test_1209Tests.m in Sources */ = {isa = PBXBuildFile; fileRef = EA2E4AF41A36BA1D00ACC236 /* test_1209Tests.m */; };
		EA2E4B001A36C2D500ACC236 /* SecondViewController.m in Sources */ = {isa = PBXBuildFile; fileRef = EA2E4AFF1A36C2D500ACC236 /* SecondViewController.m */; };
		EA2E4B031A36C55000ACC236 /* ThirdViewController.m in Sources */ = {isa = PBXBuildFile; fileRef = EA2E4B021A36C55000ACC236 /* ThirdViewController.m */; };
/* End PBXBuildFile section */

/* Begin PBXContainerItemProxy section */
		EA2E4AEF1A36BA1D00ACC236 /* PBXContainerItemProxy */ = {
			isa = PBXContainerItemProxy;
			containerPortal = EA2E4ACD1A36BA1D00ACC236 /* Project object */;
			proxyType = 1;
			remoteGlobalIDString = EA2E4AD41A36BA1D00ACC236;
			remoteInfo = test_1209;
		};
/* End PBXContainerItemProxy section */

/* Begin PBXFileReference section */
		EA2E4AD51A36BA1D00ACC236 /* test_1209.app */ = {isa = PBXFileReference; explicitFileType = wrapper.application; includeInIndex = 0; path = test_1209.app; sourceTree = BUILT_PRODUCTS_DIR; };
		EA2E4AD91A36BA1D00ACC236 /* Info.plist */ = {isa = PBXFileReference; lastKnownFileType = text.plist.xml; path = Info.plist; sourceTree = "<group>"; };
		EA2E4ADA1A36BA1D00ACC236 /* main.m */ = {isa = PBXFileReference; lastKnownFileType = sourcecode.c.objc; path = main.m; sourceTree = "<group>"; };
		EA2E4ADC1A36BA1D00ACC236 /* AppDelegate.h */ = {isa = PBXFileReference; lastKnownFileType = sourcecode.c.h; path = AppDelegate.h; sourceTree = "<group>"; };
		EA2E4ADD1A36BA1D00ACC236 /* AppDelegate.m */ = {isa = PBXFileReference; lastKnownFileType = sourcecode.c.objc; path = AppDelegate.m; sourceTree = "<group>"; };
		EA2E4ADF1A36BA1D00ACC236 /* ViewController.h */ = {isa = PBXFileReference; lastKnownFileType = sourcecode.c.h; path = ViewController.h; sourceTree = "<group>"; };
		EA2E4AE01A36BA1D00ACC236 /* ViewController.m */ = {isa = PBXFileReference; lastKnownFileType = sourcecode.c.objc; path = ViewController.m; sourceTree = "<group>"; };
		EA2E4AE51A36BA1D00ACC236 /* Images.xcassets */ = {isa = PBXFileReference; lastKnownFileType = folder.assetcatalog; path = Images.xcassets; sourceTree = "<group>"; };
		EA2E4AE81A36BA1D00ACC236 /* Base */ = {isa = PBXFileReference; lastKnownFileType = file.xib; name = Base; path = Base.lproj/LaunchScreen.xib; sourceTree = "<group>"; };
		EA2E4AEE1A36BA1D00ACC236 /* test_1209Tests.xctest */ = {isa = PBXFileReference; explicitFileType = wrapper.cfbundle; includeInIndex = 0; path = test_1209Tests.xctest; sourceTree = BUILT_PRODUCTS_DIR; };
		EA2E4AF31A36BA1D00ACC236 /* Info.plist */ = {isa = PBXFileReference; lastKnownFileType = text.plist.xml; path = Info.plist; sourceTree = "<group>"; };
		EA2E4AF41A36BA1D00ACC236 /* test_1209Tests.m */ = {isa = PBXFileReference; lastKnownFileType = sourcecode.c.objc; path = test_1209Tests.m; sourceTree = "<group>"; };
		EA2E4AFE1A36C2D500ACC236 /* SecondViewController.h */ = {isa = PBXFileReference; fileEncoding = 4; lastKnownFileType = sourcecode.c.h; path = SecondViewController.h; sourceTree = "<group>"; };
		EA2E4AFF1A36C2D500ACC236 /* SecondViewController.m */ = {isa = PBXFileReference; fileEncoding = 4; lastKnownFileType = sourcecode.c.objc; path = SecondViewController.m; sourceTree = "<group>"; };
		EA2E4B011A36C55000ACC236 /* ThirdViewController.h */ = {isa = PBXFileReference; fileEncoding = 4; lastKnownFileType = sourcecode.c.h; path = ThirdViewController.h; sourceTree = "<group>"; };
		EA2E4B021A36C55000ACC236 /* ThirdViewController.m */ = {isa = PBXFileReference; fileEncoding = 4; lastKnownFileType = sourcecode.c.objc; path = ThirdViewController.m; sourceTree = "<group>"; };
/* End PBXFileReference section */

/* Begin PBXFrameworksBuildPhase section */
		EA2E4AD21A36BA1D00ACC236 /* Frameworks */ = {
			isa = PBXFrameworksBuildPhase;
			buildActionMask = 2147483647;
			files = (
			);
			runOnlyForDeploymentPostprocessing = 0;
		};
		EA2E4AEB1A36BA1D00ACC236 /* Frameworks */ = {
			isa = PBXFrameworksBuildPhase;
			buildActionMask = 2147483647;
			files = (
			);
			runOnlyForDeploymentPostprocessing = 0;
		};
/* End PBXFrameworksBuildPhase section */

/* Begin PBXGroup section */
		EA2E4ACC1A36BA1D00ACC236 = {
			isa = PBXGroup;
			children = (
				EA2E4AD71A36BA1D00ACC236 /* test_1209 */,
				EA2E4AF11A36BA1D00ACC236 /* test_1209Tests */,
				EA2E4AD61A36BA1D00ACC236 /* Products */,
			);
			sourceTree = "<group>";
		};
		EA2E4AD61A36BA1D00ACC236 /* Products */ = {
			isa = PBXGroup;
			children = (
				EA2E4AD51A36BA1D00ACC236 /* test_1209.app */,
				EA2E4AEE1A36BA1D00ACC236 /* test_1209Tests.xctest */,
			);
			name = Products;
			sourceTree = "<group>";
		};
		EA2E4AD71A36BA1D00ACC236 /* test_1209 */ = {
			isa = PBXGroup;
			children = (
				EA2E4ADC1A36BA1D00ACC236 /* AppDelegate.h */,
				EA2E4ADD1A36BA1D00ACC236 /* AppDelegate.m */,
				EA2E4ADF1A36BA1D00ACC236 /* ViewController.h */,
				EA2E4AE01A36BA1D00ACC236 /* ViewController.m */,
				EA2E4AE51A36BA1D00ACC236 /* Images.xcassets */,
				EA2E4AE71A36BA1D00ACC236 /* LaunchScreen.xib */,
				EA2E4AD81A36BA1D00ACC236 /* Supporting Files */,
				EA2E4AFE1A36C2D500ACC236 /* SecondViewController.h */,
				EA2E4AFF1A36C2D500ACC236 /* SecondViewController.m */,
				EA2E4B011A36C55000ACC236 /* ThirdViewController.h */,
				EA2E4B021A36C55000ACC236 /* ThirdViewController.m */,
			);
			path = test_1209;
			sourceTree = "<group>";
		};
		EA2E4AD81A36BA1D00ACC236 /* Supporting Files */ = {
			isa = PBXGroup;
			children = (
				EA2E4AD91A36BA1D00ACC236 /* Info.plist */,
				EA2E4ADA1A36BA1D00ACC236 /* main.m */,
			);
			name = "Supporting Files";
			sourceTree = "<group>";
		};
		EA2E4AF11A36BA1D00ACC236 /* test_1209Tests */ = {
			isa = PBXGroup;
			children = (
				EA2E4AF41A36BA1D00ACC236 /* test_1209Tests.m */,
				EA2E4AF21A36BA1D00ACC236 /* Supporting Files */,
			);
			path = test_1209Tests;
			sourceTree = "<group>";
		};
		EA2E4AF21A36BA1D00ACC236 /* Supporting Files */ = {
			isa = PBXGroup;
			children = (
				EA2E4AF31A36BA1D00ACC236 /* Info.plist */,
			);
			name = "Supporting Files";
			sourceTree = "<group>";
		};
/* End PBXGroup section */

/* Begin PBXNativeTarget section */
		EA2E4AD41A36BA1D00ACC236 /* test_1209 */ = {
			isa = PBXNativeTarget;
			buildConfigurationList = EA2E4AF81A36BA1D00ACC236 /* Build configuration list for PBXNativeTarget "test_1209" */;
			buildPhases = (
				EA2E4AD11A36BA1D00ACC236 /* Sources */,
				EA2E4AD21A36BA1D00ACC236 /* Frameworks */,
				EA2E4AD31A36BA1D00ACC236 /* Resources */,
			);
			buildRules = (
			);
			dependencies = (
			);
			name = test_1209;
			productName = test_1209;
			productReference = EA2E4AD51A36BA1D00ACC236 /* test_1209.app */;
			productType = "com.apple.product-type.application";
		};
		EA2E4AED1A36BA1D00ACC236 /* test_1209Tests */ = {
			isa = PBXNativeTarget;
			buildConfigurationList = EA2E4AFB1A36BA1D00ACC236 /* Build configuration list for PBXNativeTarget "test_1209Tests" */;
			buildPhases = (
				EA2E4AEA1A36BA1D00ACC236 /* Sources */,
				EA2E4AEB1A36BA1D00ACC236 /* Frameworks */,
				EA2E4AEC1A36BA1D00ACC236 /* Resources */,
			);
			buildRules = (
			);
			dependencies = (
				EA2E4AF01A36BA1D00ACC236 /* PBXTargetDependency */,
			);
			name = test_1209Tests;
			productName = test_1209Tests;
			productReference = EA2E4AEE1A36BA1D00ACC236 /* test_1209Tests.xctest */;
			productType = "com.apple.product-type.bundle.unit-test";
		};
/* End PBXNativeTarget section */

/* Begin PBXProject section */
		EA2E4ACD1A36BA1D00ACC236 /* Project object */ = {
			isa = PBXProject;
			attributes = {
				LastUpgradeCheck = 0610;
				ORGANIZATIONNAME = lixianke;
				TargetAttributes = {
					EA2E4AD41A36BA1D00ACC236 = {
						CreatedOnToolsVersion = 6.1.1;
					};
					EA2E4AED1A36BA1D00ACC236 = {
						CreatedOnToolsVersion = 6.1.1;
						TestTargetID = EA2E4AD41A36BA1D00ACC236;
					};
				};
			};
			buildConfigurationList = EA2E4AD01A36BA1D00ACC236 /* Build configuration list for PBXProject "test_1209" */;
			compatibilityVersion = "Xcode 3.2";
			developmentRegion = English;
			hasScannedForEncodings = 0;
			knownRegions = (
				en,
				Base,
			);
			mainGroup = EA2E4ACC1A36BA1D00ACC236;
			productRefGroup = EA2E4AD61A36BA1D00ACC236 /* Products */;
			projectDirPath = "";
			projectRoot = "";
			targets = (
				EA2E4AD41A36BA1D00ACC236 /* test_1209 */,
				EA2E4AED1A36BA1D00ACC236 /* test_1209Tests */,
			);
		};
/* End PBXProject section */

/* Begin PBXResourcesBuildPhase section */
		EA2E4AD31A36BA1D00ACC236 /* Resources */ = {
			isa = PBXResourcesBuildPhase;
			buildActionMask = 2147483647;
			files = (
				EA2E4AE91A36BA1D00ACC236 /* LaunchScreen.xib in Resources */,
				EA2E4AE61A36BA1D00ACC236 /* Images.xcassets in Resources */,
			);
			runOnlyForDeploymentPostprocessing = 0;
		};
		EA2E4AEC1A36BA1D00ACC236 /* Resources */ = {
			isa = PBXResourcesBuildPhase;
			buildActionMask = 2147483647;
			files = (
			);
			runOnlyForDeploymentPostprocessing = 0;
		};
/* End PBXResourcesBuildPhase section */

/* Begin PBXSourcesBuildPhase section */
		EA2E4AD11A36BA1D00ACC236 /* Sources */ = {
			isa = PBXSourcesBuildPhase;
			buildActionMask = 2147483647;
			files = (
				EA2E4B001A36C2D500ACC236 /* SecondViewController.m in Sources */,
				EA2E4B031A36C55000ACC236 /* ThirdViewController.m in Sources */,
				EA2E4AE11A36BA1D00ACC236 /* ViewController.m in Sources */,
				EA2E4ADE1A36BA1D00ACC236 /* AppDelegate.m in Sources */,
				EA2E4ADB1A36BA1D00ACC236 /* main.m in Sources */,
			);
			runOnlyForDeploymentPostprocessing = 0;
		};
		EA2E4AEA1A36BA1D00ACC236 /* Sources */ = {
			isa = PBXSourcesBuildPhase;
			buildActionMask = 2147483647;
			files = (
				EA2E4AF51A36BA1D00ACC236 /* test_1209Tests.m in Sources */,
			);
			runOnlyForDeploymentPostprocessing = 0;
		};
/* End PBXSourcesBuildPhase section */

/* Begin PBXTargetDependency section */
		EA2E4AF01A36BA1D00ACC236 /* PBXTargetDependency */ = {
			isa = PBXTargetDependency;
			target = EA2E4AD41A36BA1D00ACC236 /* test_1209 */;
			targetProxy = EA2E4AEF1A36BA1D00ACC236 /* PBXContainerItemProxy */;
		};
/* End PBXTargetDependency section */

/* Begin PBXVariantGroup section */
		EA2E4AE71A36BA1D00ACC236 /* LaunchScreen.xib */ = {
			isa = PBXVariantGroup;
			children = (
				EA2E4AE81A36BA1D00ACC236 /* Base */,
			);
			name = LaunchScreen.xib;
			sourceTree = "<group>";
		};
/* End PBXVariantGroup section */

/* Begin XCBuildConfiguration section */
		EA2E4AF61A36BA1D00ACC236 /* Debug */ = {
			isa = XCBuildConfiguration;
			buildSettings = {
				ALWAYS_SEARCH_USER_PATHS = NO;
				CLANG_CXX_LANGUAGE_STANDARD = "gnu++0x";
				CLANG_CXX_LIBRARY = "libc++";
				CLANG_ENABLE_MODULES = YES;
				CLANG_ENABLE_OBJC_ARC = YES;
				CLANG_WARN_BOOL_CONVERSION = YES;
				CLANG_WARN_CONSTANT_CONVERSION = YES;
				CLANG_WARN_DIRECT_OBJC_ISA_USAGE = YES_ERROR;
				CLANG_WARN_EMPTY_BODY = YES;
				CLANG_WARN_ENUM_CONVERSION = YES;
				CLANG_WARN_INT_CONVERSION = YES;
				CLANG_WARN_OBJC_ROOT_CLASS = YES_ERROR;
				CLANG_WARN_UNREACHABLE_CODE = YES;
				CLANG_WARN__DUPLICATE_METHOD_MATCH = YES;
				"CODE_SIGN_IDENTITY[sdk=iphoneos*]" = "iPhone Developer";
				COPY_PHASE_STRIP = NO;
				ENABLE_STRICT_OBJC_MSGSEND = YES;
				GCC_C_LANGUAGE_STANDARD = gnu99;
				GCC_DYNAMIC_NO_PIC = NO;
				GCC_OPTIMIZATION_LEVEL = 0;
				GCC_PREPROCESSOR_DEFINITIONS = (
					"DEBUG=1",
					"$(inherited)",
				);
				GCC_SYMBOLS_PRIVATE_EXTERN = NO;
				GCC_WARN_64_TO_32_BIT_CONVERSION = YES;
				GCC_WARN_ABOUT_RETURN_TYPE = YES_ERROR;
				GCC_WARN_UNDECLARED_SELECTOR = YES;
				GCC_WARN_UNINITIALIZED_AUTOS = YES_AGGRESSIVE;
				GCC_WARN_UNUSED_FUNCTION = YES;
				GCC_WARN_UNUSED_VARIABLE = YES;
				IPHONEOS_DEPLOYMENT_TARGET = 8.1;
				MTL_ENABLE_DEBUG_INFO = YES;
				ONLY_ACTIVE_ARCH = YES;
				SDKROOT = iphoneos;
			};
			name = Debug;
		};
		EA2E4AF71A36BA1D00ACC236 /* Release */ = {
			isa = XCBuildConfiguration;
			buildSettings = {
				ALWAYS_SEARCH_USER_PATHS = NO;
				CLANG_CXX_LANGUAGE_STANDARD = "gnu++0x";
				CLANG_CXX_LIBRARY = "libc++";
				CLANG_ENABLE_MODULES = YES;
				CLANG_ENABLE_OBJC_ARC = YES;
				CLANG_WARN_BOOL_CONVERSION = YES;
				CLANG_WARN_CONSTANT_CONVERSION = YES;
				CLANG_WARN_DIRECT_OBJC_ISA_USAGE = YES_ERROR;
				CLANG_WARN_EMPTY_BODY = YES;
				CLANG_WARN_ENUM_CONVERSION = YES;
				CLANG_WARN_INT_CONVERSION = YES;
				CLANG_WARN_OBJC_ROOT_CLASS = YES_ERROR;
				CLANG_WARN_UNREACHABLE_CODE = YES;
				CLANG_WARN__DUPLICATE_METHOD_MATCH = YES;
				"CODE_SIGN_IDENTITY[sdk=iphoneos*]" = "iPhone Developer";
				COPY_PHASE_STRIP = YES;
				ENABLE_NS_ASSERTIONS = NO;
				ENABLE_STRICT_OBJC_MSGSEND = YES;
				GCC_C_LANGUAGE_STANDARD = gnu99;
				GCC_WARN_64_TO_32_BIT_CONVERSION = YES;
				GCC_WARN_ABOUT_RETURN_TYPE = YES_ERROR;
				GCC_WARN_UNDECLARED_SELECTOR = YES;
				GCC_WARN_UNINITIALIZED_AUTOS = YES_AGGRESSIVE;
				GCC_WARN_UNUSED_FUNCTION = YES;
				GCC_WARN_UNUSED_VARIABLE = YES;
				IPHONEOS_DEPLOYMENT_TARGET = 8.1;
				MTL_ENABLE_DEBUG_INFO = NO;
				SDKROOT = iphoneos;
				VALIDATE_PRODUCT = YES;
			};
			name = Release;
		};
		EA2E4AF91A36BA1D00ACC236 /* Debug */ = {
			isa = XCBuildConfiguration;
			buildSettings = {
				ASSETCATALOG_COMPILER_APPICON_NAME = AppIcon;
				INFOPLIST_FILE = test_1209/Info.plist;
				LD_RUNPATH_SEARCH_PATHS = "$(inherited) @executable_path/Frameworks";
				PRODUCT_NAME = "$(TARGET_NAME)";
			};
			name = Debug;
		};
		EA2E4AFA1A36BA1D00ACC236 /* Release */ = {
			isa = XCBuildConfiguration;
			buildSettings = {
				ASSETCATALOG_COMPILER_APPICON_NAME = AppIcon;
				INFOPLIST_FILE = test_1209/Info.plist;
				LD_RUNPATH_SEARCH_PATHS = "$(inherited) @executable_path/Frameworks";
				PRODUCT_NAME = "$(TARGET_NAME)";
			};
			name = Release;
		};
		EA2E4AFC1A36BA1D00ACC236 /* Debug */ = {
			isa = XCBuildConfiguration;
			buildSettings = {
				BUNDLE_LOADER = "$(TEST_HOST)";
				FRAMEWORK_SEARCH_PATHS = (
					"$(SDKROOT)/Developer/Library/Frameworks",
					"$(inherited)",
				);
				GCC_PREPROCESSOR_DEFINITIONS = (
					"DEBUG=1",
					"$(inherited)",
				);
				INFOPLIST_FILE = test_1209Tests/Info.plist;
				LD_RUNPATH_SEARCH_PATHS = "$(inherited) @executable_path/Frameworks @loader_path/Frameworks";
				PRODUCT_NAME = "$(TARGET_NAME)";
				TEST_HOST = "$(BUILT_PRODUCTS_DIR)/test_1209.app/test_1209";
			};
			name = Debug;
		};
		EA2E4AFD1A36BA1D00ACC236 /* Release */ = {
			isa = XCBuildConfiguration;
			buildSettings = {
				BUNDLE_LOADER = "$(TEST_HOST)";
				FRAMEWORK_SEARCH_PATHS = (
					"$(SDKROOT)/Developer/Library/Frameworks",
					"$(inherited)",
				);
				INFOPLIST_FILE = test_1209Tests/Info.plist;
				LD_RUNPATH_SEARCH_PATHS = "$(inherited) @executable_path/Frameworks @loader_path/Frameworks";
				PRODUCT_NAME = "$(TARGET_NAME)";
				TEST_HOST = "$(BUILT_PRODUCTS_DIR)/test_1209.app/test_1209";
			};
			name = Release;
		};
/* End XCBuildConfiguration section */

/* Begin XCConfigurationList section */
		EA2E4AD01A36BA1D00ACC236 /* Build configuration list for PBXProject "test_1209" */ = {
			isa = XCConfigurationList;
			buildConfigurations = (
				EA2E4AF61A36BA1D00ACC236 /* Debug */,
				EA2E4AF71A36BA1D00ACC236 /* Release */,
			);
			defaultConfigurationIsVisible = 0;
			defaultConfigurationName = Release;
		};
		EA2E4AF81A36BA1D00ACC236 /* Build configuration list for PBXNativeTarget "test_1209" */ = {
			isa = XCConfigurationList;
			buildConfigurations = (
				EA2E4AF91A36BA1D00ACC236 /* Debug */,
				EA2E4AFA1A36BA1D00ACC236 /* Release */,
			);
			defaultConfigurationIsVisible = 0;
		};
		EA2E4AFB1A36BA1D00ACC236 /* Build configuration list for PBXNativeTarget "test_1209Tests" */ = {
			isa = XCConfigurationList;
			buildConfigurations = (
				EA2E4AFC1A36BA1D00ACC236 /* Debug */,
				EA2E4AFD1A36BA1D00ACC236 /* Release */,
			);
			defaultConfigurationIsVisible = 0;
		};
/* End XCConfigurationList section */
	};
	rootObject = EA2E4ACD1A36BA1D00ACC236 /* Project object */;
}
