// !$*UTF8*$!
{
	archiveVersion = 1;
	classes = {
	};
	objectVersion = 46;
	objects = {

/* Begin PBXBuildFile section */
		EA5E8C2E1A330BED007B0F5F /* main.m in Sources */ = {isa = PBXBuildFile; fileRef = EA5E8C2D1A330BED007B0F5F /* main.m */; };
		EA5E8C311A330BED007B0F5F /* AppDelegate.m in Sources */ = {isa = PBXBuildFile; fileRef = EA5E8C301A330BED007B0F5F /* AppDelegate.m */; };
		EA5E8C341A330BED007B0F5F /* ViewController.m in Sources */ = {isa = PBXBuildFile; fileRef = EA5E8C331A330BED007B0F5F /* ViewController.m */; };
		EA5E8C371A330BED007B0F5F /* Main.storyboard in Resources */ = {isa = PBXBuildFile; fileRef = EA5E8C351A330BED007B0F5F /* Main.storyboard */; };
		EA5E8C391A330BED007B0F5F /* Images.xcassets in Resources */ = {isa = PBXBuildFile; fileRef = EA5E8C381A330BED007B0F5F /* Images.xcassets */; };
		EA5E8C3C1A330BED007B0F5F /* LaunchScreen.xib in Resources */ = {isa = PBXBuildFile; fileRef = EA5E8C3A1A330BED007B0F5F /* LaunchScreen.xib */; };
		EA5E8C481A330BED007B0F5F /* test1111Tests.m in Sources */ = {isa = PBXBuildFile; fileRef = EA5E8C471A330BED007B0F5F /* test1111Tests.m */; };
/* End PBXBuildFile section */

/* Begin PBXContainerItemProxy section */
		EA5E8C421A330BED007B0F5F /* PBXContainerItemProxy */ = {
			isa = PBXContainerItemProxy;
			containerPortal = EA5E8C201A330BED007B0F5F /* Project object */;
			proxyType = 1;
			remoteGlobalIDString = EA5E8C271A330BED007B0F5F;
			remoteInfo = test1111;
		};
/* End PBXContainerItemProxy section */

/* Begin PBXFileReference section */
		EA5E8C281A330BED007B0F5F /* test1111.app */ = {isa = PBXFileReference; explicitFileType = wrapper.application; includeInIndex = 0; path = test1111.app; sourceTree = BUILT_PRODUCTS_DIR; };
		EA5E8C2C1A330BED007B0F5F /* Info.plist */ = {isa = PBXFileReference; lastKnownFileType = text.plist.xml; path = Info.plist; sourceTree = "<group>"; };
		EA5E8C2D1A330BED007B0F5F /* main.m */ = {isa = PBXFileReference; lastKnownFileType = sourcecode.c.objc; path = main.m; sourceTree = "<group>"; };
		EA5E8C2F1A330BED007B0F5F /* AppDelegate.h */ = {isa = PBXFileReference; lastKnownFileType = sourcecode.c.h; path = AppDelegate.h; sourceTree = "<group>"; };
		EA5E8C301A330BED007B0F5F /* AppDelegate.m */ = {isa = PBXFileReference; lastKnownFileType = sourcecode.c.objc; path = AppDelegate.m; sourceTree = "<group>"; };
		EA5E8C321A330BED007B0F5F /* ViewController.h */ = {isa = PBXFileReference; lastKnownFileType = sourcecode.c.h; path = ViewController.h; sourceTree = "<group>"; };
		EA5E8C331A330BED007B0F5F /* ViewController.m */ = {isa = PBXFileReference; lastKnownFileType = sourcecode.c.objc; path = ViewController.m; sourceTree = "<group>"; };
		EA5E8C361A330BED007B0F5F /* Base */ = {isa = PBXFileReference; lastKnownFileType = file.storyboard; name = Base; path = Base.lproj/Main.storyboard; sourceTree = "<group>"; };
		EA5E8C381A330BED007B0F5F /* Images.xcassets */ = {isa = PBXFileReference; lastKnownFileType = folder.assetcatalog; path = Images.xcassets; sourceTree = "<group>"; };
		EA5E8C3B1A330BED007B0F5F /* Base */ = {isa = PBXFileReference; lastKnownFileType = file.xib; name = Base; path = Base.lproj/LaunchScreen.xib; sourceTree = "<group>"; };
		EA5E8C411A330BED007B0F5F /* test1111Tests.xctest */ = {isa = PBXFileReference; explicitFileType = wrapper.cfbundle; includeInIndex = 0; path = test1111Tests.xctest; sourceTree = BUILT_PRODUCTS_DIR; };
		EA5E8C461A330BED007B0F5F /* Info.plist */ = {isa = PBXFileReference; lastKnownFileType = text.plist.xml; path = Info.plist; sourceTree = "<group>"; };
		EA5E8C471A330BED007B0F5F /* test1111Tests.m */ = {isa = PBXFileReference; lastKnownFileType = sourcecode.c.objc; path = test1111Tests.m; sourceTree = "<group>"; };
/* End PBXFileReference section */

/* Begin PBXFrameworksBuildPhase section */
		EA5E8C251A330BED007B0F5F /* Frameworks */ = {
			isa = PBXFrameworksBuildPhase;
			buildActionMask = 2147483647;
			files = (
			);
			runOnlyForDeploymentPostprocessing = 0;
		};
		EA5E8C3E1A330BED007B0F5F /* Frameworks */ = {
			isa = PBXFrameworksBuildPhase;
			buildActionMask = 2147483647;
			files = (
			);
			runOnlyForDeploymentPostprocessing = 0;
		};
/* End PBXFrameworksBuildPhase section */

/* Begin PBXGroup section */
		EA5E8C1F1A330BED007B0F5F = {
			isa = PBXGroup;
			children = (
				EA5E8C2A1A330BED007B0F5F /* test1111 */,
				EA5E8C441A330BED007B0F5F /* test1111Tests */,
				EA5E8C291A330BED007B0F5F /* Products */,
			);
			sourceTree = "<group>";
		};
		EA5E8C291A330BED007B0F5F /* Products */ = {
			isa = PBXGroup;
			children = (
				EA5E8C281A330BED007B0F5F /* test1111.app */,
				EA5E8C411A330BED007B0F5F /* test1111Tests.xctest */,
			);
			name = Products;
			sourceTree = "<group>";
		};
		EA5E8C2A1A330BED007B0F5F /* test1111 */ = {
			isa = PBXGroup;
			children = (
				EA5E8C2F1A330BED007B0F5F /* AppDelegate.h */,
				EA5E8C301A330BED007B0F5F /* AppDelegate.m */,
				EA5E8C321A330BED007B0F5F /* ViewController.h */,
				EA5E8C331A330BED007B0F5F /* ViewController.m */,
				EA5E8C351A330BED007B0F5F /* Main.storyboard */,
				EA5E8C381A330BED007B0F5F /* Images.xcassets */,
				EA5E8C3A1A330BED007B0F5F /* LaunchScreen.xib */,
				EA5E8C2B1A330BED007B0F5F /* Supporting Files */,
			);
			path = test1111;
			sourceTree = "<group>";
		};
		EA5E8C2B1A330BED007B0F5F /* Supporting Files */ = {
			isa = PBXGroup;
			children = (
				EA5E8C2C1A330BED007B0F5F /* Info.plist */,
				EA5E8C2D1A330BED007B0F5F /* main.m */,
			);
			name = "Supporting Files";
			sourceTree = "<group>";
		};
		EA5E8C441A330BED007B0F5F /* test1111Tests */ = {
			isa = PBXGroup;
			children = (
				EA5E8C471A330BED007B0F5F /* test1111Tests.m */,
				EA5E8C451A330BED007B0F5F /* Supporting Files */,
			);
			path = test1111Tests;
			sourceTree = "<group>";
		};
		EA5E8C451A330BED007B0F5F /* Supporting Files */ = {
			isa = PBXGroup;
			children = (
				EA5E8C461A330BED007B0F5F /* Info.plist */,
			);
			name = "Supporting Files";
			sourceTree = "<group>";
		};
/* End PBXGroup section */

/* Begin PBXNativeTarget section */
		EA5E8C271A330BED007B0F5F /* test1111 */ = {
			isa = PBXNativeTarget;
			buildConfigurationList = EA5E8C4B1A330BED007B0F5F /* Build configuration list for PBXNativeTarget "test1111" */;
			buildPhases = (
				EA5E8C241A330BED007B0F5F /* Sources */,
				EA5E8C251A330BED007B0F5F /* Frameworks */,
				EA5E8C261A330BED007B0F5F /* Resources */,
			);
			buildRules = (
			);
			dependencies = (
			);
			name = test1111;
			productName = test1111;
			productReference = EA5E8C281A330BED007B0F5F /* test1111.app */;
			productType = "com.apple.product-type.application";
		};
		EA5E8C401A330BED007B0F5F /* test1111Tests */ = {
			isa = PBXNativeTarget;
			buildConfigurationList = EA5E8C4E1A330BED007B0F5F /* Build configuration list for PBXNativeTarget "test1111Tests" */;
			buildPhases = (
				EA5E8C3D1A330BED007B0F5F /* Sources */,
				EA5E8C3E1A330BED007B0F5F /* Frameworks */,
				EA5E8C3F1A330BED007B0F5F /* Resources */,
			);
			buildRules = (
			);
			dependencies = (
				EA5E8C431A330BED007B0F5F /* PBXTargetDependency */,
			);
			name = test1111Tests;
			productName = test1111Tests;
			productReference = EA5E8C411A330BED007B0F5F /* test1111Tests.xctest */;
			productType = "com.apple.product-type.bundle.unit-test";
		};
/* End PBXNativeTarget section */

/* Begin PBXProject section */
		EA5E8C201A330BED007B0F5F /* Project object */ = {
			isa = PBXProject;
			attributes = {
				LastUpgradeCheck = 0610;
				ORGANIZATIONNAME = lixianke;
				TargetAttributes = {
					EA5E8C271A330BED007B0F5F = {
						CreatedOnToolsVersion = 6.1.1;
					};
					EA5E8C401A330BED007B0F5F = {
						CreatedOnToolsVersion = 6.1.1;
						TestTargetID = EA5E8C271A330BED007B0F5F;
					};
				};
			};
			buildConfigurationList = EA5E8C231A330BED007B0F5F /* Build configuration list for PBXProject "test1111" */;
			compatibilityVersion = "Xcode 3.2";
			developmentRegion = English;
			hasScannedForEncodings = 0;
			knownRegions = (
				en,
				Base,
			);
			mainGroup = EA5E8C1F1A330BED007B0F5F;
			productRefGroup = EA5E8C291A330BED007B0F5F /* Products */;
			projectDirPath = "";
			projectRoot = "";
			targets = (
				EA5E8C271A330BED007B0F5F /* test1111 */,
				EA5E8C401A330BED007B0F5F /* test1111Tests */,
			);
		};
/* End PBXProject section */

/* Begin PBXResourcesBuildPhase section */
		EA5E8C261A330BED007B0F5F /* Resources */ = {
			isa = PBXResourcesBuildPhase;
			buildActionMask = 2147483647;
			files = (
				EA5E8C371A330BED007B0F5F /* Main.storyboard in Resources */,
				EA5E8C3C1A330BED007B0F5F /* LaunchScreen.xib in Resources */,
				EA5E8C391A330BED007B0F5F /* Images.xcassets in Resources */,
			);
			runOnlyForDeploymentPostprocessing = 0;
		};
		EA5E8C3F1A330BED007B0F5F /* Resources */ = {
			isa = PBXResourcesBuildPhase;
			buildActionMask = 2147483647;
			files = (
			);
			runOnlyForDeploymentPostprocessing = 0;
		};
/* End PBXResourcesBuildPhase section */

/* Begin PBXSourcesBuildPhase section */
		EA5E8C241A330BED007B0F5F /* Sources */ = {
			isa = PBXSourcesBuildPhase;
			buildActionMask = 2147483647;
			files = (
				EA5E8C341A330BED007B0F5F /* ViewController.m in Sources */,
				EA5E8C311A330BED007B0F5F /* AppDelegate.m in Sources */,
				EA5E8C2E1A330BED007B0F5F /* main.m in Sources */,
			);
			runOnlyForDeploymentPostprocessing = 0;
		};
		EA5E8C3D1A330BED007B0F5F /* Sources */ = {
			isa = PBXSourcesBuildPhase;
			buildActionMask = 2147483647;
			files = (
				EA5E8C481A330BED007B0F5F /* test1111Tests.m in Sources */,
			);
			runOnlyForDeploymentPostprocessing = 0;
		};
/* End PBXSourcesBuildPhase section */

/* Begin PBXTargetDependency section */
		EA5E8C431A330BED007B0F5F /* PBXTargetDependency */ = {
			isa = PBXTargetDependency;
			target = EA5E8C271A330BED007B0F5F /* test1111 */;
			targetProxy = EA5E8C421A330BED007B0F5F /* PBXContainerItemProxy */;
		};
/* End PBXTargetDependency section */

/* Begin PBXVariantGroup section */
		EA5E8C351A330BED007B0F5F /* Main.storyboard */ = {
			isa = PBXVariantGroup;
			children = (
				EA5E8C361A330BED007B0F5F /* Base */,
			);
			name = Main.storyboard;
			sourceTree = "<group>";
		};
		EA5E8C3A1A330BED007B0F5F /* LaunchScreen.xib */ = {
			isa = PBXVariantGroup;
			children = (
				EA5E8C3B1A330BED007B0F5F /* Base */,
			);
			name = LaunchScreen.xib;
			sourceTree = "<group>";
		};
/* End PBXVariantGroup section */

/* Begin XCBuildConfiguration section */
		EA5E8C491A330BED007B0F5F /* Debug */ = {
			isa = XCBuildConfiguration;
			buildSettings = {
				ALWAYS_SEARCH_USER_PATHS = NO;
				CLANG_CXX_LANGUAGE_STANDARD = "gnu++0x";
				CLANG_CXX_LIBRARY = "libc++";
				CLANG_ENABLE_MODULES = YES;
				CLANG_ENABLE_OBJC_ARC = YES;
				CLANG_WARN_BOOL_CONVERSION = YES;
				CLANG_WARN_CONSTANT_CONVERSION = YES;
				CLANG_WARN_DIRECT_OBJC_ISA_USAGE = YES_ERROR;
				CLANG_WARN_EMPTY_BODY = YES;
				CLANG_WARN_ENUM_CONVERSION = YES;
				CLANG_WARN_INT_CONVERSION = YES;
				CLANG_WARN_OBJC_ROOT_CLASS = YES_ERROR;
				CLANG_WARN_UNREACHABLE_CODE = YES;
				CLANG_WARN__DUPLICATE_METHOD_MATCH = YES;
				"CODE_SIGN_IDENTITY[sdk=iphoneos*]" = "iPhone Developer";
				COPY_PHASE_STRIP = NO;
				ENABLE_STRICT_OBJC_MSGSEND = YES;
				GCC_C_LANGUAGE_STANDARD = gnu99;
				GCC_DYNAMIC_NO_PIC = NO;
				GCC_OPTIMIZATION_LEVEL = 0;
				GCC_PREPROCESSOR_DEFINITIONS = (
					"DEBUG=1",
					"$(inherited)",
				);
				GCC_SYMBOLS_PRIVATE_EXTERN = NO;
				GCC_WARN_64_TO_32_BIT_CONVERSION = YES;
				GCC_WARN_ABOUT_RETURN_TYPE = YES_ERROR;
				GCC_WARN_UNDECLARED_SELECTOR = YES;
				GCC_WARN_UNINITIALIZED_AUTOS = YES_AGGRESSIVE;
				GCC_WARN_UNUSED_FUNCTION = YES;
				GCC_WARN_UNUSED_VARIABLE = YES;
				IPHONEOS_DEPLOYMENT_TARGET = 8.1;
				MTL_ENABLE_DEBUG_INFO = YES;
				ONLY_ACTIVE_ARCH = YES;
				SDKROOT = iphoneos;
			};
			name = Debug;
		};
		EA5E8C4A1A330BED007B0F5F /* Release */ = {
			isa = XCBuildConfiguration;
			buildSettings = {
				ALWAYS_SEARCH_USER_PATHS = NO;
				CLANG_CXX_LANGUAGE_STANDARD = "gnu++0x";
				CLANG_CXX_LIBRARY = "libc++";
				CLANG_ENABLE_MODULES = YES;
				CLANG_ENABLE_OBJC_ARC = YES;
				CLANG_WARN_BOOL_CONVERSION = YES;
				CLANG_WARN_CONSTANT_CONVERSION = YES;
				CLANG_WARN_DIRECT_OBJC_ISA_USAGE = YES_ERROR;
				CLANG_WARN_EMPTY_BODY = YES;
				CLANG_WARN_ENUM_CONVERSION = YES;
				CLANG_WARN_INT_CONVERSION = YES;
				CLANG_WARN_OBJC_ROOT_CLASS = YES_ERROR;
				CLANG_WARN_UNREACHABLE_CODE = YES;
				CLANG_WARN__DUPLICATE_METHOD_MATCH = YES;
				"CODE_SIGN_IDENTITY[sdk=iphoneos*]" = "iPhone Developer";
				COPY_PHASE_STRIP = YES;
				ENABLE_NS_ASSERTIONS = NO;
				ENABLE_STRICT_OBJC_MSGSEND = YES;
				GCC_C_LANGUAGE_STANDARD = gnu99;
				GCC_WARN_64_TO_32_BIT_CONVERSION = YES;
				GCC_WARN_ABOUT_RETURN_TYPE = YES_ERROR;
				GCC_WARN_UNDECLARED_SELECTOR = YES;
				GCC_WARN_UNINITIALIZED_AUTOS = YES_AGGRESSIVE;
				GCC_WARN_UNUSED_FUNCTION = YES;
				GCC_WARN_UNUSED_VARIABLE = YES;
				IPHONEOS_DEPLOYMENT_TARGET = 8.1;
				MTL_ENABLE_DEBUG_INFO = NO;
				SDKROOT = iphoneos;
				VALIDATE_PRODUCT = YES;
			};
			name = Release;
		};
		EA5E8C4C1A330BED007B0F5F /* Debug */ = {
			isa = XCBuildConfiguration;
			buildSettings = {
				ASSETCATALOG_COMPILER_APPICON_NAME = AppIcon;
				INFOPLIST_FILE = test1111/Info.plist;
				LD_RUNPATH_SEARCH_PATHS = "$(inherited) @executable_path/Frameworks";
				PRODUCT_NAME = "$(TARGET_NAME)";
			};
			name = Debug;
		};
		EA5E8C4D1A330BED007B0F5F /* Release */ = {
			isa = XCBuildConfiguration;
			buildSettings = {
				ASSETCATALOG_COMPILER_APPICON_NAME = AppIcon;
				INFOPLIST_FILE = test1111/Info.plist;
				LD_RUNPATH_SEARCH_PATHS = "$(inherited) @executable_path/Frameworks";
				PRODUCT_NAME = "$(TARGET_NAME)";
			};
			name = Release;
		};
		EA5E8C4F1A330BED007B0F5F /* Debug */ = {
			isa = XCBuildConfiguration;
			buildSettings = {
				BUNDLE_LOADER = "$(TEST_HOST)";
				FRAMEWORK_SEARCH_PATHS = (
					"$(SDKROOT)/Developer/Library/Frameworks",
					"$(inherited)",
				);
				GCC_PREPROCESSOR_DEFINITIONS = (
					"DEBUG=1",
					"$(inherited)",
				);
				INFOPLIST_FILE = test1111Tests/Info.plist;
				LD_RUNPATH_SEARCH_PATHS = "$(inherited) @executable_path/Frameworks @loader_path/Frameworks";
				PRODUCT_NAME = "$(TARGET_NAME)";
				TEST_HOST = "$(BUILT_PRODUCTS_DIR)/test1111.app/test1111";
			};
			name = Debug;
		};
		EA5E8C501A330BED007B0F5F /* Release */ = {
			isa = XCBuildConfiguration;
			buildSettings = {
				BUNDLE_LOADER = "$(TEST_HOST)";
				FRAMEWORK_SEARCH_PATHS = (
					"$(SDKROOT)/Developer/Library/Frameworks",
					"$(inherited)",
				);
				INFOPLIST_FILE = test1111Tests/Info.plist;
				LD_RUNPATH_SEARCH_PATHS = "$(inherited) @executable_path/Frameworks @loader_path/Frameworks";
				PRODUCT_NAME = "$(TARGET_NAME)";
				TEST_HOST = "$(BUILT_PRODUCTS_DIR)/test1111.app/test1111";
			};
			name = Release;
		};
/* End XCBuildConfiguration section */

/* Begin XCConfigurationList section */
		EA5E8C231A330BED007B0F5F /* Build configuration list for PBXProject "test1111" */ = {
			isa = XCConfigurationList;
			buildConfigurations = (
				EA5E8C491A330BED007B0F5F /* Debug */,
				EA5E8C4A1A330BED007B0F5F /* Release */,
			);
			defaultConfigurationIsVisible = 0;
			defaultConfigurationName = Release;
		};
		EA5E8C4B1A330BED007B0F5F /* Build configuration list for PBXNativeTarget "test1111" */ = {
			isa = XCConfigurationList;
			buildConfigurations = (
				EA5E8C4C1A330BED007B0F5F /* Debug */,
				EA5E8C4D1A330BED007B0F5F /* Release */,
			);
			defaultConfigurationIsVisible = 0;
		};
		EA5E8C4E1A330BED007B0F5F /* Build configuration list for PBXNativeTarget "test1111Tests" */ = {
			isa = XCConfigurationList;
			buildConfigurations = (
				EA5E8C4F1A330BED007B0F5F /* Debug */,
				EA5E8C501A330BED007B0F5F /* Release */,
			);
			defaultConfigurationIsVisible = 0;
		};
/* End XCConfigurationList section */
	};
	rootObject = EA5E8C201A330BED007B0F5F /* Project object */;
}
