// !$*UTF8*$!
{
	archiveVersion = 1;
	classes = {
	};
	objectVersion = 46;
	objects = {

/* Begin PBXBuildFile section */
		EA6432211A3877BF0084E606 /* main.m in Sources */ = {isa = PBXBuildFile; fileRef = EA6432201A3877BF0084E606 /* main.m */; };
		EA6432241A3877BF0084E606 /* AppDelegate.m in Sources */ = {isa = PBXBuildFile; fileRef = EA6432231A3877BF0084E606 /* AppDelegate.m */; };
		EA6432271A3877BF0084E606 /* ViewController.m in Sources */ = {isa = PBXBuildFile; fileRef = EA6432261A3877BF0084E606 /* ViewController.m */; };
		EA64322A1A3877BF0084E606 /* Main.storyboard in Resources */ = {isa = PBXBuildFile; fileRef = EA6432281A3877BF0084E606 /* Main.storyboard */; };
		EA64322C1A3877BF0084E606 /* Images.xcassets in Resources */ = {isa = PBXBuildFile; fileRef = EA64322B1A3877BF0084E606 /* Images.xcassets */; };
		EA64322F1A3877BF0084E606 /* LaunchScreen.xib in Resources */ = {isa = PBXBuildFile; fileRef = EA64322D1A3877BF0084E606 /* LaunchScreen.xib */; };
		EA64323B1A3877C00084E606 /* test_bookTests.m in Sources */ = {isa = PBXBuildFile; fileRef = EA64323A1A3877BF0084E606 /* test_bookTests.m */; };
		EA6432471A3878120084E606 /* a1.jpg in Resources */ = {isa = PBXBuildFile; fileRef = EA6432441A3878120084E606 /* a1.jpg */; };
		EA6432481A3878120084E606 /* a2.jpg in Resources */ = {isa = PBXBuildFile; fileRef = EA6432451A3878120084E606 /* a2.jpg */; };
		EA6432491A3878120084E606 /* a3.jpg in Resources */ = {isa = PBXBuildFile; fileRef = EA6432461A3878120084E606 /* a3.jpg */; };
/* End PBXBuildFile section */

/* Begin PBXContainerItemProxy section */
		EA6432351A3877BF0084E606 /* PBXContainerItemProxy */ = {
			isa = PBXContainerItemProxy;
			containerPortal = EA6432131A3877BF0084E606 /* Project object */;
			proxyType = 1;
			remoteGlobalIDString = EA64321A1A3877BF0084E606;
			remoteInfo = test_book;
		};
/* End PBXContainerItemProxy section */

/* Begin PBXFileReference section */
		EA64321B1A3877BF0084E606 /* test_book.app */ = {isa = PBXFileReference; explicitFileType = wrapper.application; includeInIndex = 0; path = test_book.app; sourceTree = BUILT_PRODUCTS_DIR; };
		EA64321F1A3877BF0084E606 /* Info.plist */ = {isa = PBXFileReference; lastKnownFileType = text.plist.xml; path = Info.plist; sourceTree = "<group>"; };
		EA6432201A3877BF0084E606 /* main.m */ = {isa = PBXFileReference; lastKnownFileType = sourcecode.c.objc; path = main.m; sourceTree = "<group>"; };
		EA6432221A3877BF0084E606 /* AppDelegate.h */ = {isa = PBXFileReference; lastKnownFileType = sourcecode.c.h; path = AppDelegate.h; sourceTree = "<group>"; };
		EA6432231A3877BF0084E606 /* AppDelegate.m */ = {isa = PBXFileReference; lastKnownFileType = sourcecode.c.objc; path = AppDelegate.m; sourceTree = "<group>"; };
		EA6432251A3877BF0084E606 /* ViewController.h */ = {isa = PBXFileReference; lastKnownFileType = sourcecode.c.h; path = ViewController.h; sourceTree = "<group>"; };
		EA6432261A3877BF0084E606 /* ViewController.m */ = {isa = PBXFileReference; lastKnownFileType = sourcecode.c.objc; path = ViewController.m; sourceTree = "<group>"; };
		EA6432291A3877BF0084E606 /* Base */ = {isa = PBXFileReference; lastKnownFileType = file.storyboard; name = Base; path = Base.lproj/Main.storyboard; sourceTree = "<group>"; };
		EA64322B1A3877BF0084E606 /* Images.xcassets */ = {isa = PBXFileReference; lastKnownFileType = folder.assetcatalog; path = Images.xcassets; sourceTree = "<group>"; };
		EA64322E1A3877BF0084E606 /* Base */ = {isa = PBXFileReference; lastKnownFileType = file.xib; name = Base; path = Base.lproj/LaunchScreen.xib; sourceTree = "<group>"; };
		EA6432341A3877BF0084E606 /* test_bookTests.xctest */ = {isa = PBXFileReference; explicitFileType = wrapper.cfbundle; includeInIndex = 0; path = test_bookTests.xctest; sourceTree = BUILT_PRODUCTS_DIR; };
		EA6432391A3877BF0084E606 /* Info.plist */ = {isa = PBXFileReference; lastKnownFileType = text.plist.xml; path = Info.plist; sourceTree = "<group>"; };
		EA64323A1A3877BF0084E606 /* test_bookTests.m */ = {isa = PBXFileReference; lastKnownFileType = sourcecode.c.objc; path = test_bookTests.m; sourceTree = "<group>"; };
		EA6432441A3878120084E606 /* a1.jpg */ = {isa = PBXFileReference; lastKnownFileType = image.jpeg; name = a1.jpg; path = ../../../../../Downloads/images/a1.jpg; sourceTree = "<group>"; };
		EA6432451A3878120084E606 /* a2.jpg */ = {isa = PBXFileReference; lastKnownFileType = image.jpeg; name = a2.jpg; path = ../../../../../Downloads/images/a2.jpg; sourceTree = "<group>"; };
		EA6432461A3878120084E606 /* a3.jpg */ = {isa = PBXFileReference; lastKnownFileType = image.jpeg; name = a3.jpg; path = ../../../../../Downloads/images/a3.jpg; sourceTree = "<group>"; };
/* End PBXFileReference section */

/* Begin PBXFrameworksBuildPhase section */
		EA6432181A3877BF0084E606 /* Frameworks */ = {
			isa = PBXFrameworksBuildPhase;
			buildActionMask = 2147483647;
			files = (
			);
			runOnlyForDeploymentPostprocessing = 0;
		};
		EA6432311A3877BF0084E606 /* Frameworks */ = {
			isa = PBXFrameworksBuildPhase;
			buildActionMask = 2147483647;
			files = (
			);
			runOnlyForDeploymentPostprocessing = 0;
		};
/* End PBXFrameworksBuildPhase section */

/* Begin PBXGroup section */
		EA6432121A3877BF0084E606 = {
			isa = PBXGroup;
			children = (
				EA64321D1A3877BF0084E606 /* test_book */,
				EA6432371A3877BF0084E606 /* test_bookTests */,
				EA64321C1A3877BF0084E606 /* Products */,
			);
			sourceTree = "<group>";
		};
		EA64321C1A3877BF0084E606 /* Products */ = {
			isa = PBXGroup;
			children = (
				EA64321B1A3877BF0084E606 /* test_book.app */,
				EA6432341A3877BF0084E606 /* test_bookTests.xctest */,
			);
			name = Products;
			sourceTree = "<group>";
		};
		EA64321D1A3877BF0084E606 /* test_book */ = {
			isa = PBXGroup;
			children = (
				EA6432221A3877BF0084E606 /* AppDelegate.h */,
				EA6432231A3877BF0084E606 /* AppDelegate.m */,
				EA6432251A3877BF0084E606 /* ViewController.h */,
				EA6432261A3877BF0084E606 /* ViewController.m */,
				EA6432281A3877BF0084E606 /* Main.storyboard */,
				EA64322B1A3877BF0084E606 /* Images.xcassets */,
				EA64322D1A3877BF0084E606 /* LaunchScreen.xib */,
				EA64321E1A3877BF0084E606 /* Supporting Files */,
			);
			path = test_book;
			sourceTree = "<group>";
		};
		EA64321E1A3877BF0084E606 /* Supporting Files */ = {
			isa = PBXGroup;
			children = (
				EA6432441A3878120084E606 /* a1.jpg */,
				EA6432451A3878120084E606 /* a2.jpg */,
				EA6432461A3878120084E606 /* a3.jpg */,
				EA64321F1A3877BF0084E606 /* Info.plist */,
				EA6432201A3877BF0084E606 /* main.m */,
			);
			name = "Supporting Files";
			sourceTree = "<group>";
		};
		EA6432371A3877BF0084E606 /* test_bookTests */ = {
			isa = PBXGroup;
			children = (
				EA64323A1A3877BF0084E606 /* test_bookTests.m */,
				EA6432381A3877BF0084E606 /* Supporting Files */,
			);
			path = test_bookTests;
			sourceTree = "<group>";
		};
		EA6432381A3877BF0084E606 /* Supporting Files */ = {
			isa = PBXGroup;
			children = (
				EA6432391A3877BF0084E606 /* Info.plist */,
			);
			name = "Supporting Files";
			sourceTree = "<group>";
		};
/* End PBXGroup section */

/* Begin PBXNativeTarget section */
		EA64321A1A3877BF0084E606 /* test_book */ = {
			isa = PBXNativeTarget;
			buildConfigurationList = EA64323E1A3877C00084E606 /* Build configuration list for PBXNativeTarget "test_book" */;
			buildPhases = (
				EA6432171A3877BF0084E606 /* Sources */,
				EA6432181A3877BF0084E606 /* Frameworks */,
				EA6432191A3877BF0084E606 /* Resources */,
			);
			buildRules = (
			);
			dependencies = (
			);
			name = test_book;
			productName = test_book;
			productReference = EA64321B1A3877BF0084E606 /* test_book.app */;
			productType = "com.apple.product-type.application";
		};
		EA6432331A3877BF0084E606 /* test_bookTests */ = {
			isa = PBXNativeTarget;
			buildConfigurationList = EA6432411A3877C00084E606 /* Build configuration list for PBXNativeTarget "test_bookTests" */;
			buildPhases = (
				EA6432301A3877BF0084E606 /* Sources */,
				EA6432311A3877BF0084E606 /* Frameworks */,
				EA6432321A3877BF0084E606 /* Resources */,
			);
			buildRules = (
			);
			dependencies = (
				EA6432361A3877BF0084E606 /* PBXTargetDependency */,
			);
			name = test_bookTests;
			productName = test_bookTests;
			productReference = EA6432341A3877BF0084E606 /* test_bookTests.xctest */;
			productType = "com.apple.product-type.bundle.unit-test";
		};
/* End PBXNativeTarget section */

/* Begin PBXProject section */
		EA6432131A3877BF0084E606 /* Project object */ = {
			isa = PBXProject;
			attributes = {
				LastUpgradeCheck = 0610;
				ORGANIZATIONNAME = lixianke;
				TargetAttributes = {
					EA64321A1A3877BF0084E606 = {
						CreatedOnToolsVersion = 6.1.1;
					};
					EA6432331A3877BF0084E606 = {
						CreatedOnToolsVersion = 6.1.1;
						TestTargetID = EA64321A1A3877BF0084E606;
					};
				};
			};
			buildConfigurationList = EA6432161A3877BF0084E606 /* Build configuration list for PBXProject "test_book" */;
			compatibilityVersion = "Xcode 3.2";
			developmentRegion = English;
			hasScannedForEncodings = 0;
			knownRegions = (
				en,
				Base,
			);
			mainGroup = EA6432121A3877BF0084E606;
			productRefGroup = EA64321C1A3877BF0084E606 /* Products */;
			projectDirPath = "";
			projectRoot = "";
			targets = (
				EA64321A1A3877BF0084E606 /* test_book */,
				EA6432331A3877BF0084E606 /* test_bookTests */,
			);
		};
/* End PBXProject section */

/* Begin PBXResourcesBuildPhase section */
		EA6432191A3877BF0084E606 /* Resources */ = {
			isa = PBXResourcesBuildPhase;
			buildActionMask = 2147483647;
			files = (
				EA6432481A3878120084E606 /* a2.jpg in Resources */,
				EA6432491A3878120084E606 /* a3.jpg in Resources */,
				EA64322A1A3877BF0084E606 /* Main.storyboard in Resources */,
				EA64322F1A3877BF0084E606 /* LaunchScreen.xib in Resources */,
				EA64322C1A3877BF0084E606 /* Images.xcassets in Resources */,
				EA6432471A3878120084E606 /* a1.jpg in Resources */,
			);
			runOnlyForDeploymentPostprocessing = 0;
		};
		EA6432321A3877BF0084E606 /* Resources */ = {
			isa = PBXResourcesBuildPhase;
			buildActionMask = 2147483647;
			files = (
			);
			runOnlyForDeploymentPostprocessing = 0;
		};
/* End PBXResourcesBuildPhase section */

/* Begin PBXSourcesBuildPhase section */
		EA6432171A3877BF0084E606 /* Sources */ = {
			isa = PBXSourcesBuildPhase;
			buildActionMask = 2147483647;
			files = (
				EA6432271A3877BF0084E606 /* ViewController.m in Sources */,
				EA6432241A3877BF0084E606 /* AppDelegate.m in Sources */,
				EA6432211A3877BF0084E606 /* main.m in Sources */,
			);
			runOnlyForDeploymentPostprocessing = 0;
		};
		EA6432301A3877BF0084E606 /* Sources */ = {
			isa = PBXSourcesBuildPhase;
			buildActionMask = 2147483647;
			files = (
				EA64323B1A3877C00084E606 /* test_bookTests.m in Sources */,
			);
			runOnlyForDeploymentPostprocessing = 0;
		};
/* End PBXSourcesBuildPhase section */

/* Begin PBXTargetDependency section */
		EA6432361A3877BF0084E606 /* PBXTargetDependency */ = {
			isa = PBXTargetDependency;
			target = EA64321A1A3877BF0084E606 /* test_book */;
			targetProxy = EA6432351A3877BF0084E606 /* PBXContainerItemProxy */;
		};
/* End PBXTargetDependency section */

/* Begin PBXVariantGroup section */
		EA6432281A3877BF0084E606 /* Main.storyboard */ = {
			isa = PBXVariantGroup;
			children = (
				EA6432291A3877BF0084E606 /* Base */,
			);
			name = Main.storyboard;
			sourceTree = "<group>";
		};
		EA64322D1A3877BF0084E606 /* LaunchScreen.xib */ = {
			isa = PBXVariantGroup;
			children = (
				EA64322E1A3877BF0084E606 /* Base */,
			);
			name = LaunchScreen.xib;
			sourceTree = "<group>";
		};
/* End PBXVariantGroup section */

/* Begin XCBuildConfiguration section */
		EA64323C1A3877C00084E606 /* Debug */ = {
			isa = XCBuildConfiguration;
			buildSettings = {
				ALWAYS_SEARCH_USER_PATHS = NO;
				CLANG_CXX_LANGUAGE_STANDARD = "gnu++0x";
				CLANG_CXX_LIBRARY = "libc++";
				CLANG_ENABLE_MODULES = YES;
				CLANG_ENABLE_OBJC_ARC = YES;
				CLANG_WARN_BOOL_CONVERSION = YES;
				CLANG_WARN_CONSTANT_CONVERSION = YES;
				CLANG_WARN_DIRECT_OBJC_ISA_USAGE = YES_ERROR;
				CLANG_WARN_EMPTY_BODY = YES;
				CLANG_WARN_ENUM_CONVERSION = YES;
				CLANG_WARN_INT_CONVERSION = YES;
				CLANG_WARN_OBJC_ROOT_CLASS = YES_ERROR;
				CLANG_WARN_UNREACHABLE_CODE = YES;
				CLANG_WARN__DUPLICATE_METHOD_MATCH = YES;
				"CODE_SIGN_IDENTITY[sdk=iphoneos*]" = "iPhone Developer";
				COPY_PHASE_STRIP = NO;
				ENABLE_STRICT_OBJC_MSGSEND = YES;
				GCC_C_LANGUAGE_STANDARD = gnu99;
				GCC_DYNAMIC_NO_PIC = NO;
				GCC_OPTIMIZATION_LEVEL = 0;
				GCC_PREPROCESSOR_DEFINITIONS = (
					"DEBUG=1",
					"$(inherited)",
				);
				GCC_SYMBOLS_PRIVATE_EXTERN = NO;
				GCC_WARN_64_TO_32_BIT_CONVERSION = YES;
				GCC_WARN_ABOUT_RETURN_TYPE = YES_ERROR;
				GCC_WARN_UNDECLARED_SELECTOR = YES;
				GCC_WARN_UNINITIALIZED_AUTOS = YES_AGGRESSIVE;
				GCC_WARN_UNUSED_FUNCTION = YES;
				GCC_WARN_UNUSED_VARIABLE = YES;
				IPHONEOS_DEPLOYMENT_TARGET = 8.1;
				MTL_ENABLE_DEBUG_INFO = YES;
				ONLY_ACTIVE_ARCH = YES;
				SDKROOT = iphoneos;
			};
			name = Debug;
		};
		EA64323D1A3877C00084E606 /* Release */ = {
			isa = XCBuildConfiguration;
			buildSettings = {
				ALWAYS_SEARCH_USER_PATHS = NO;
				CLANG_CXX_LANGUAGE_STANDARD = "gnu++0x";
				CLANG_CXX_LIBRARY = "libc++";
				CLANG_ENABLE_MODULES = YES;
				CLANG_ENABLE_OBJC_ARC = YES;
				CLANG_WARN_BOOL_CONVERSION = YES;
				CLANG_WARN_CONSTANT_CONVERSION = YES;
				CLANG_WARN_DIRECT_OBJC_ISA_USAGE = YES_ERROR;
				CLANG_WARN_EMPTY_BODY = YES;
				CLANG_WARN_ENUM_CONVERSION = YES;
				CLANG_WARN_INT_CONVERSION = YES;
				CLANG_WARN_OBJC_ROOT_CLASS = YES_ERROR;
				CLANG_WARN_UNREACHABLE_CODE = YES;
				CLANG_WARN__DUPLICATE_METHOD_MATCH = YES;
				"CODE_SIGN_IDENTITY[sdk=iphoneos*]" = "iPhone Developer";
				COPY_PHASE_STRIP = YES;
				ENABLE_NS_ASSERTIONS = NO;
				ENABLE_STRICT_OBJC_MSGSEND = YES;
				GCC_C_LANGUAGE_STANDARD = gnu99;
				GCC_WARN_64_TO_32_BIT_CONVERSION = YES;
				GCC_WARN_ABOUT_RETURN_TYPE = YES_ERROR;
				GCC_WARN_UNDECLARED_SELECTOR = YES;
				GCC_WARN_UNINITIALIZED_AUTOS = YES_AGGRESSIVE;
				GCC_WARN_UNUSED_FUNCTION = YES;
				GCC_WARN_UNUSED_VARIABLE = YES;
				IPHONEOS_DEPLOYMENT_TARGET = 8.1;
				MTL_ENABLE_DEBUG_INFO = NO;
				SDKROOT = iphoneos;
				VALIDATE_PRODUCT = YES;
			};
			name = Release;
		};
		EA64323F1A3877C00084E606 /* Debug */ = {
			isa = XCBuildConfiguration;
			buildSettings = {
				ASSETCATALOG_COMPILER_APPICON_NAME = AppIcon;
				INFOPLIST_FILE = test_book/Info.plist;
				LD_RUNPATH_SEARCH_PATHS = "$(inherited) @executable_path/Frameworks";
				PRODUCT_NAME = "$(TARGET_NAME)";
			};
			name = Debug;
		};
		EA6432401A3877C00084E606 /* Release */ = {
			isa = XCBuildConfiguration;
			buildSettings = {
				ASSETCATALOG_COMPILER_APPICON_NAME = AppIcon;
				INFOPLIST_FILE = test_book/Info.plist;
				LD_RUNPATH_SEARCH_PATHS = "$(inherited) @executable_path/Frameworks";
				PRODUCT_NAME = "$(TARGET_NAME)";
			};
			name = Release;
		};
		EA6432421A3877C00084E606 /* Debug */ = {
			isa = XCBuildConfiguration;
			buildSettings = {
				BUNDLE_LOADER = "$(TEST_HOST)";
				FRAMEWORK_SEARCH_PATHS = (
					"$(SDKROOT)/Developer/Library/Frameworks",
					"$(inherited)",
				);
				GCC_PREPROCESSOR_DEFINITIONS = (
					"DEBUG=1",
					"$(inherited)",
				);
				INFOPLIST_FILE = test_bookTests/Info.plist;
				LD_RUNPATH_SEARCH_PATHS = "$(inherited) @executable_path/Frameworks @loader_path/Frameworks";
				PRODUCT_NAME = "$(TARGET_NAME)";
				TEST_HOST = "$(BUILT_PRODUCTS_DIR)/test_book.app/test_book";
			};
			name = Debug;
		};
		EA6432431A3877C00084E606 /* Release */ = {
			isa = XCBuildConfiguration;
			buildSettings = {
				BUNDLE_LOADER = "$(TEST_HOST)";
				FRAMEWORK_SEARCH_PATHS = (
					"$(SDKROOT)/Developer/Library/Frameworks",
					"$(inherited)",
				);
				INFOPLIST_FILE = test_bookTests/Info.plist;
				LD_RUNPATH_SEARCH_PATHS = "$(inherited) @executable_path/Frameworks @loader_path/Frameworks";
				PRODUCT_NAME = "$(TARGET_NAME)";
				TEST_HOST = "$(BUILT_PRODUCTS_DIR)/test_book.app/test_book";
			};
			name = Release;
		};
/* End XCBuildConfiguration section */

/* Begin XCConfigurationList section */
		EA6432161A3877BF0084E606 /* Build configuration list for PBXProject "test_book" */ = {
			isa = XCConfigurationList;
			buildConfigurations = (
				EA64323C1A3877C00084E606 /* Debug */,
				EA64323D1A3877C00084E606 /* Release */,
			);
			defaultConfigurationIsVisible = 0;
			defaultConfigurationName = Release;
		};
		EA64323E1A3877C00084E606 /* Build configuration list for PBXNativeTarget "test_book" */ = {
			isa = XCConfigurationList;
			buildConfigurations = (
				EA64323F1A3877C00084E606 /* Debug */,
				EA6432401A3877C00084E606 /* Release */,
			);
			defaultConfigurationIsVisible = 0;
		};
		EA6432411A3877C00084E606 /* Build configuration list for PBXNativeTarget "test_bookTests" */ = {
			isa = XCConfigurationList;
			buildConfigurations = (
				EA6432421A3877C00084E606 /* Debug */,
				EA6432431A3877C00084E606 /* Release */,
			);
			defaultConfigurationIsVisible = 0;
		};
/* End XCConfigurationList section */
	};
	rootObject = EA6432131A3877BF0084E606 /* Project object */;
}
